{
  "name": "scalp-e2e-npm-policy-audit-only",
  "version": "1.0.0",
  "lockfileVersion": 3,
  "requires": true,
  "packages": {
    "": {
      "name": "scalp-e2e-npm-policy-audit-only",
      "version": "1.0.0",
      "dependencies": {
        "is-odd": "3.0.1"
      }
    },
    "node_modules/is-odd": {
      "version": "3.0.1",
      "resolved": "https://registry.npmjs.org/is-odd/-/is-odd-3.0.1.tgz",
      "integrity": "sha512-9iEO4qS3oGdE7S9C1rf1XhBfFOrpZTYGy4m1b86N5yI4giR1cOIsfbXkG8N4qLGnZgsMziPD8kDS2YwN7HbQA=="
    }
  }
}
